
Microsoft Visual Studio Solution File, Format Version 9.00
# Visual Studio 2005
Project("{2150E333-8FDC-42A3-9474-1A3956D46DE8}") = "Property Sheets", "Property Sheets", "{8A58D7B2-2CDB-4A83-B0F6-82CE2C2AA72B}"
	ProjectSection(SolutionItems) = preProject
		xde-vcversion.vsprops = xde-vcversion.vsprops
		..\xde-xerces-xalan.vsprops = ..\xde-xerces-xalan.vsprops
		..\xde-xml-xerces-xalan.vsprops = ..\xde-xml-xerces-xalan.vsprops
		..\xde.vsprops = ..\xde.vsprops
	EndProjectSection
EndProject
Project("{8BC9CEB8-8B4A-11D0-8D11-00A0C91BC942}") = "libbase", "libbase\libbase.vcproj", "{F10B14B1-D965-4534-91EB-7C94B563119A}"
EndProject
Project("{2150E333-8FDC-42A3-9474-1A3956D46DE8}") = "capp", "capp", "{FA0131C9-C35B-4FA4-82DD-8827978D24C9}"
EndProject
Project("{2150E333-8FDC-42A3-9474-1A3956D46DE8}") = "clib", "clib", "{497D9846-3305-4B69-A36E-FFF1675E0ACE}"
EndProject
Project("{8BC9CEB8-8B4A-11D0-8D11-00A0C91BC942}") = "libwin32", "libwin32\libwin32.vcproj", "{21AC9E06-9221-4359-87EC-B25D8663961C}"
	ProjectSection(ProjectDependencies) = postProject
		{F10B14B1-D965-4534-91EB-7C94B563119A} = {F10B14B1-D965-4534-91EB-7C94B563119A}
	EndProjectSection
EndProject
Project("{8BC9CEB8-8B4A-11D0-8D11-00A0C91BC942}") = "libos", "libos\libos.vcproj", "{FF6E3BA2-91AC-45F7-9578-4D4E5CADB7C4}"
	ProjectSection(ProjectDependencies) = postProject
		{21AC9E06-9221-4359-87EC-B25D8663961C} = {21AC9E06-9221-4359-87EC-B25D8663961C}
		{F10B14B1-D965-4534-91EB-7C94B563119A} = {F10B14B1-D965-4534-91EB-7C94B563119A}
	EndProjectSection
EndProject
Project("{8BC9CEB8-8B4A-11D0-8D11-00A0C91BC942}") = "libcgi", "libcgi\libcgi.vcproj", "{E702ED5A-700E-4E20-A9A5-AC2EEEC83786}"
	ProjectSection(ProjectDependencies) = postProject
		{FF6E3BA2-91AC-45F7-9578-4D4E5CADB7C4} = {FF6E3BA2-91AC-45F7-9578-4D4E5CADB7C4}
		{F10B14B1-D965-4534-91EB-7C94B563119A} = {F10B14B1-D965-4534-91EB-7C94B563119A}
	EndProjectSection
EndProject
Project("{8BC9CEB8-8B4A-11D0-8D11-00A0C91BC942}") = "libt", "libt\libt.vcproj", "{63572A1D-A35B-4209-80FF-8C0DF93682DF}"
	ProjectSection(ProjectDependencies) = postProject
		{FF6E3BA2-91AC-45F7-9578-4D4E5CADB7C4} = {FF6E3BA2-91AC-45F7-9578-4D4E5CADB7C4}
		{F10B14B1-D965-4534-91EB-7C94B563119A} = {F10B14B1-D965-4534-91EB-7C94B563119A}
	EndProjectSection
EndProject
Project("{8BC9CEB8-8B4A-11D0-8D11-00A0C91BC942}") = "libxsl", "libxsl\libxsl.vcproj", "{D1320718-08AD-4BB5-B183-E3CC4FCD158F}"
	ProjectSection(ProjectDependencies) = postProject
		{FF6E3BA2-91AC-45F7-9578-4D4E5CADB7C4} = {FF6E3BA2-91AC-45F7-9578-4D4E5CADB7C4}
		{F10B14B1-D965-4534-91EB-7C94B563119A} = {F10B14B1-D965-4534-91EB-7C94B563119A}
	EndProjectSection
EndProject
Project("{8BC9CEB8-8B4A-11D0-8D11-00A0C91BC942}") = "cgicatch", "cgicatch\cgicatch.vcproj", "{09BD99D7-BF9F-4FE2-9413-21939F47DEBC}"
	ProjectSection(ProjectDependencies) = postProject
		{E702ED5A-700E-4E20-A9A5-AC2EEEC83786} = {E702ED5A-700E-4E20-A9A5-AC2EEEC83786}
		{FF6E3BA2-91AC-45F7-9578-4D4E5CADB7C4} = {FF6E3BA2-91AC-45F7-9578-4D4E5CADB7C4}
		{F10B14B1-D965-4534-91EB-7C94B563119A} = {F10B14B1-D965-4534-91EB-7C94B563119A}
	EndProjectSection
EndProject
Project("{8BC9CEB8-8B4A-11D0-8D11-00A0C91BC942}") = "cgi", "cgi\cgi.vcproj", "{8D82A8F9-4B07-48A6-B652-8BEDB2FE6C09}"
	ProjectSection(ProjectDependencies) = postProject
		{E702ED5A-700E-4E20-A9A5-AC2EEEC83786} = {E702ED5A-700E-4E20-A9A5-AC2EEEC83786}
		{FF6E3BA2-91AC-45F7-9578-4D4E5CADB7C4} = {FF6E3BA2-91AC-45F7-9578-4D4E5CADB7C4}
		{F10B14B1-D965-4534-91EB-7C94B563119A} = {F10B14B1-D965-4534-91EB-7C94B563119A}
	EndProjectSection
EndProject
Project("{8BC9CEB8-8B4A-11D0-8D11-00A0C91BC942}") = "tcgi", "tcgi\tcgi.vcproj", "{07969F73-6F29-4E32-A6C8-CEA8DCA4C13C}"
	ProjectSection(ProjectDependencies) = postProject
		{63572A1D-A35B-4209-80FF-8C0DF93682DF} = {63572A1D-A35B-4209-80FF-8C0DF93682DF}
		{E702ED5A-700E-4E20-A9A5-AC2EEEC83786} = {E702ED5A-700E-4E20-A9A5-AC2EEEC83786}
		{FF6E3BA2-91AC-45F7-9578-4D4E5CADB7C4} = {FF6E3BA2-91AC-45F7-9578-4D4E5CADB7C4}
		{F10B14B1-D965-4534-91EB-7C94B563119A} = {F10B14B1-D965-4534-91EB-7C94B563119A}
	EndProjectSection
EndProject
Project("{8BC9CEB8-8B4A-11D0-8D11-00A0C91BC942}") = "xslcgi", "xslcgi\xslcgi.vcproj", "{B549C14D-8B14-43EB-9291-A741317B4935}"
	ProjectSection(ProjectDependencies) = postProject
		{D1320718-08AD-4BB5-B183-E3CC4FCD158F} = {D1320718-08AD-4BB5-B183-E3CC4FCD158F}
		{E702ED5A-700E-4E20-A9A5-AC2EEEC83786} = {E702ED5A-700E-4E20-A9A5-AC2EEEC83786}
		{FF6E3BA2-91AC-45F7-9578-4D4E5CADB7C4} = {FF6E3BA2-91AC-45F7-9578-4D4E5CADB7C4}
		{F10B14B1-D965-4534-91EB-7C94B563119A} = {F10B14B1-D965-4534-91EB-7C94B563119A}
	EndProjectSection
EndProject
Project("{2150E333-8FDC-42A3-9474-1A3956D46DE8}") = "ccgi", "ccgi", "{832921E9-4CA3-4698-B270-F30BD7F7215A}"
EndProject
Project("{8BC9CEB8-8B4A-11D0-8D11-00A0C91BC942}") = "t", "t\t.vcproj", "{F29CF89B-CBDE-4F73-B655-A6588A89D8A1}"
	ProjectSection(ProjectDependencies) = postProject
		{63572A1D-A35B-4209-80FF-8C0DF93682DF} = {63572A1D-A35B-4209-80FF-8C0DF93682DF}
		{FF6E3BA2-91AC-45F7-9578-4D4E5CADB7C4} = {FF6E3BA2-91AC-45F7-9578-4D4E5CADB7C4}
		{F10B14B1-D965-4534-91EB-7C94B563119A} = {F10B14B1-D965-4534-91EB-7C94B563119A}
	EndProjectSection
EndProject
Project("{8BC9CEB8-8B4A-11D0-8D11-00A0C91BC942}") = "xsl", "xsl\xsl.vcproj", "{A8C31E32-4987-48AA-96DF-972BA6F865FF}"
	ProjectSection(ProjectDependencies) = postProject
		{D1320718-08AD-4BB5-B183-E3CC4FCD158F} = {D1320718-08AD-4BB5-B183-E3CC4FCD158F}
		{FF6E3BA2-91AC-45F7-9578-4D4E5CADB7C4} = {FF6E3BA2-91AC-45F7-9578-4D4E5CADB7C4}
		{F10B14B1-D965-4534-91EB-7C94B563119A} = {F10B14B1-D965-4534-91EB-7C94B563119A}
	EndProjectSection
EndProject
Project("{8BC9CEB8-8B4A-11D0-8D11-00A0C91BC942}") = "bflex", "bflex\bflex.vcproj", "{C664A032-DC13-4F6A-B278-1B9263781068}"
EndProject
Project("{8BC9CEB8-8B4A-11D0-8D11-00A0C91BC942}") = "byacc", "byacc\byacc.vcproj", "{0EBD02A4-9121-4D4D-891B-1F335310B017}"
EndProject
Project("{8BC9CEB8-8B4A-11D0-8D11-00A0C91BC942}") = "cxxlcgi", "cxxlcgi\cxxlcgi.vcproj", "{89801278-631B-4F29-9783-75A6399B2815}"
	ProjectSection(ProjectDependencies) = postProject
		{306AC100-2C30-4882-9C41-61191ED9B385} = {306AC100-2C30-4882-9C41-61191ED9B385}
		{63572A1D-A35B-4209-80FF-8C0DF93682DF} = {63572A1D-A35B-4209-80FF-8C0DF93682DF}
		{E702ED5A-700E-4E20-A9A5-AC2EEEC83786} = {E702ED5A-700E-4E20-A9A5-AC2EEEC83786}
		{C2F58F64-18E2-4E83-80D8-33DA66953BAE} = {C2F58F64-18E2-4E83-80D8-33DA66953BAE}
		{FF6E3BA2-91AC-45F7-9578-4D4E5CADB7C4} = {FF6E3BA2-91AC-45F7-9578-4D4E5CADB7C4}
		{F10B14B1-D965-4534-91EB-7C94B563119A} = {F10B14B1-D965-4534-91EB-7C94B563119A}
	EndProjectSection
EndProject
Project("{8BC9CEB8-8B4A-11D0-8D11-00A0C91BC942}") = "libyy", "libyy\libyy.vcproj", "{C2F58F64-18E2-4E83-80D8-33DA66953BAE}"
	ProjectSection(ProjectDependencies) = postProject
		{FF6E3BA2-91AC-45F7-9578-4D4E5CADB7C4} = {FF6E3BA2-91AC-45F7-9578-4D4E5CADB7C4}
		{F10B14B1-D965-4534-91EB-7C94B563119A} = {F10B14B1-D965-4534-91EB-7C94B563119A}
	EndProjectSection
EndProject
Project("{8BC9CEB8-8B4A-11D0-8D11-00A0C91BC942}") = "libyycgi", "libyycgi\libyycgi.vcproj", "{306AC100-2C30-4882-9C41-61191ED9B385}"
	ProjectSection(ProjectDependencies) = postProject
		{63572A1D-A35B-4209-80FF-8C0DF93682DF} = {63572A1D-A35B-4209-80FF-8C0DF93682DF}
		{E702ED5A-700E-4E20-A9A5-AC2EEEC83786} = {E702ED5A-700E-4E20-A9A5-AC2EEEC83786}
		{C2F58F64-18E2-4E83-80D8-33DA66953BAE} = {C2F58F64-18E2-4E83-80D8-33DA66953BAE}
		{FF6E3BA2-91AC-45F7-9578-4D4E5CADB7C4} = {FF6E3BA2-91AC-45F7-9578-4D4E5CADB7C4}
		{F10B14B1-D965-4534-91EB-7C94B563119A} = {F10B14B1-D965-4534-91EB-7C94B563119A}
	EndProjectSection
EndProject
Project("{2150E333-8FDC-42A3-9474-1A3956D46DE8}") = "Make Files", "Make Files", "{F268F6E1-F952-4F3B-998C-A31383B01970}"
EndProject
Project("{2150E333-8FDC-42A3-9474-1A3956D46DE8}") = "linux", "linux", "{CD32285C-7749-4C14-9766-E9B85CAAE93F}"
EndProject
Project("{2150E333-8FDC-42A3-9474-1A3956D46DE8}") = "gcc", "gcc", "{A23C4264-4BE6-417F-8471-BEE2C1251E60}"
	ProjectSection(SolutionItems) = preProject
		..\..\linux\gcc\Makedefines = ..\..\linux\gcc\Makedefines
		..\..\linux\gcc\Makedirs = ..\..\linux\gcc\Makedirs
		..\..\linux\gcc\Makefile = ..\..\linux\gcc\Makefile
		..\..\linux\gcc\Makerules = ..\..\linux\gcc\Makerules
	EndProjectSection
EndProject
Global
	GlobalSection(SolutionConfigurationPlatforms) = preSolution
		Debug|Win32 = Debug|Win32
		Release|Win32 = Release|Win32
		TestDebug|Win32 = TestDebug|Win32
		TestRelease|Win32 = TestRelease|Win32
	EndGlobalSection
	GlobalSection(ProjectConfigurationPlatforms) = postSolution
		{F10B14B1-D965-4534-91EB-7C94B563119A}.Debug|Win32.ActiveCfg = Debug|Win32
		{F10B14B1-D965-4534-91EB-7C94B563119A}.Debug|Win32.Build.0 = Debug|Win32
		{F10B14B1-D965-4534-91EB-7C94B563119A}.Release|Win32.ActiveCfg = Release|Win32
		{F10B14B1-D965-4534-91EB-7C94B563119A}.Release|Win32.Build.0 = Release|Win32
		{F10B14B1-D965-4534-91EB-7C94B563119A}.TestDebug|Win32.ActiveCfg = TestDebug|Win32
		{F10B14B1-D965-4534-91EB-7C94B563119A}.TestDebug|Win32.Build.0 = TestDebug|Win32
		{F10B14B1-D965-4534-91EB-7C94B563119A}.TestRelease|Win32.ActiveCfg = TestRelease|Win32
		{F10B14B1-D965-4534-91EB-7C94B563119A}.TestRelease|Win32.Build.0 = TestRelease|Win32
		{21AC9E06-9221-4359-87EC-B25D8663961C}.Debug|Win32.ActiveCfg = Debug|Win32
		{21AC9E06-9221-4359-87EC-B25D8663961C}.Debug|Win32.Build.0 = Debug|Win32
		{21AC9E06-9221-4359-87EC-B25D8663961C}.Release|Win32.ActiveCfg = Release|Win32
		{21AC9E06-9221-4359-87EC-B25D8663961C}.Release|Win32.Build.0 = Release|Win32
		{21AC9E06-9221-4359-87EC-B25D8663961C}.TestDebug|Win32.ActiveCfg = TestDebug|Win32
		{21AC9E06-9221-4359-87EC-B25D8663961C}.TestDebug|Win32.Build.0 = TestDebug|Win32
		{21AC9E06-9221-4359-87EC-B25D8663961C}.TestRelease|Win32.ActiveCfg = TestRelease|Win32
		{21AC9E06-9221-4359-87EC-B25D8663961C}.TestRelease|Win32.Build.0 = TestRelease|Win32
		{FF6E3BA2-91AC-45F7-9578-4D4E5CADB7C4}.Debug|Win32.ActiveCfg = Debug|Win32
		{FF6E3BA2-91AC-45F7-9578-4D4E5CADB7C4}.Debug|Win32.Build.0 = Debug|Win32
		{FF6E3BA2-91AC-45F7-9578-4D4E5CADB7C4}.Release|Win32.ActiveCfg = Release|Win32
		{FF6E3BA2-91AC-45F7-9578-4D4E5CADB7C4}.Release|Win32.Build.0 = Release|Win32
		{FF6E3BA2-91AC-45F7-9578-4D4E5CADB7C4}.TestDebug|Win32.ActiveCfg = TestDebug|Win32
		{FF6E3BA2-91AC-45F7-9578-4D4E5CADB7C4}.TestDebug|Win32.Build.0 = TestDebug|Win32
		{FF6E3BA2-91AC-45F7-9578-4D4E5CADB7C4}.TestRelease|Win32.ActiveCfg = TestRelease|Win32
		{FF6E3BA2-91AC-45F7-9578-4D4E5CADB7C4}.TestRelease|Win32.Build.0 = TestRelease|Win32
		{E702ED5A-700E-4E20-A9A5-AC2EEEC83786}.Debug|Win32.ActiveCfg = Debug|Win32
		{E702ED5A-700E-4E20-A9A5-AC2EEEC83786}.Debug|Win32.Build.0 = Debug|Win32
		{E702ED5A-700E-4E20-A9A5-AC2EEEC83786}.Release|Win32.ActiveCfg = Release|Win32
		{E702ED5A-700E-4E20-A9A5-AC2EEEC83786}.Release|Win32.Build.0 = Release|Win32
		{E702ED5A-700E-4E20-A9A5-AC2EEEC83786}.TestDebug|Win32.ActiveCfg = TestDebug|Win32
		{E702ED5A-700E-4E20-A9A5-AC2EEEC83786}.TestDebug|Win32.Build.0 = TestDebug|Win32
		{E702ED5A-700E-4E20-A9A5-AC2EEEC83786}.TestRelease|Win32.ActiveCfg = TestRelease|Win32
		{E702ED5A-700E-4E20-A9A5-AC2EEEC83786}.TestRelease|Win32.Build.0 = TestRelease|Win32
		{63572A1D-A35B-4209-80FF-8C0DF93682DF}.Debug|Win32.ActiveCfg = Debug|Win32
		{63572A1D-A35B-4209-80FF-8C0DF93682DF}.Debug|Win32.Build.0 = Debug|Win32
		{63572A1D-A35B-4209-80FF-8C0DF93682DF}.Release|Win32.ActiveCfg = Release|Win32
		{63572A1D-A35B-4209-80FF-8C0DF93682DF}.Release|Win32.Build.0 = Release|Win32
		{63572A1D-A35B-4209-80FF-8C0DF93682DF}.TestDebug|Win32.ActiveCfg = TestDebug|Win32
		{63572A1D-A35B-4209-80FF-8C0DF93682DF}.TestDebug|Win32.Build.0 = TestDebug|Win32
		{63572A1D-A35B-4209-80FF-8C0DF93682DF}.TestRelease|Win32.ActiveCfg = TestRelease|Win32
		{63572A1D-A35B-4209-80FF-8C0DF93682DF}.TestRelease|Win32.Build.0 = TestRelease|Win32
		{D1320718-08AD-4BB5-B183-E3CC4FCD158F}.Debug|Win32.ActiveCfg = Debug|Win32
		{D1320718-08AD-4BB5-B183-E3CC4FCD158F}.Debug|Win32.Build.0 = Debug|Win32
		{D1320718-08AD-4BB5-B183-E3CC4FCD158F}.Release|Win32.ActiveCfg = Release|Win32
		{D1320718-08AD-4BB5-B183-E3CC4FCD158F}.Release|Win32.Build.0 = Release|Win32
		{D1320718-08AD-4BB5-B183-E3CC4FCD158F}.TestDebug|Win32.ActiveCfg = Debug|Win32
		{D1320718-08AD-4BB5-B183-E3CC4FCD158F}.TestDebug|Win32.Build.0 = Debug|Win32
		{D1320718-08AD-4BB5-B183-E3CC4FCD158F}.TestRelease|Win32.ActiveCfg = Release|Win32
		{D1320718-08AD-4BB5-B183-E3CC4FCD158F}.TestRelease|Win32.Build.0 = Release|Win32
		{09BD99D7-BF9F-4FE2-9413-21939F47DEBC}.Debug|Win32.ActiveCfg = Debug|Win32
		{09BD99D7-BF9F-4FE2-9413-21939F47DEBC}.Debug|Win32.Build.0 = Debug|Win32
		{09BD99D7-BF9F-4FE2-9413-21939F47DEBC}.Release|Win32.ActiveCfg = Release|Win32
		{09BD99D7-BF9F-4FE2-9413-21939F47DEBC}.Release|Win32.Build.0 = Release|Win32
		{09BD99D7-BF9F-4FE2-9413-21939F47DEBC}.TestDebug|Win32.ActiveCfg = TestDebug|Win32
		{09BD99D7-BF9F-4FE2-9413-21939F47DEBC}.TestDebug|Win32.Build.0 = TestDebug|Win32
		{09BD99D7-BF9F-4FE2-9413-21939F47DEBC}.TestRelease|Win32.ActiveCfg = TestRelease|Win32
		{09BD99D7-BF9F-4FE2-9413-21939F47DEBC}.TestRelease|Win32.Build.0 = TestRelease|Win32
		{8D82A8F9-4B07-48A6-B652-8BEDB2FE6C09}.Debug|Win32.ActiveCfg = Debug|Win32
		{8D82A8F9-4B07-48A6-B652-8BEDB2FE6C09}.Debug|Win32.Build.0 = Debug|Win32
		{8D82A8F9-4B07-48A6-B652-8BEDB2FE6C09}.Release|Win32.ActiveCfg = Release|Win32
		{8D82A8F9-4B07-48A6-B652-8BEDB2FE6C09}.Release|Win32.Build.0 = Release|Win32
		{8D82A8F9-4B07-48A6-B652-8BEDB2FE6C09}.TestDebug|Win32.ActiveCfg = TestDebug|Win32
		{8D82A8F9-4B07-48A6-B652-8BEDB2FE6C09}.TestDebug|Win32.Build.0 = TestDebug|Win32
		{8D82A8F9-4B07-48A6-B652-8BEDB2FE6C09}.TestRelease|Win32.ActiveCfg = TestRelease|Win32
		{8D82A8F9-4B07-48A6-B652-8BEDB2FE6C09}.TestRelease|Win32.Build.0 = TestRelease|Win32
		{07969F73-6F29-4E32-A6C8-CEA8DCA4C13C}.Debug|Win32.ActiveCfg = Debug|Win32
		{07969F73-6F29-4E32-A6C8-CEA8DCA4C13C}.Debug|Win32.Build.0 = Debug|Win32
		{07969F73-6F29-4E32-A6C8-CEA8DCA4C13C}.Release|Win32.ActiveCfg = Release|Win32
		{07969F73-6F29-4E32-A6C8-CEA8DCA4C13C}.Release|Win32.Build.0 = Release|Win32
		{07969F73-6F29-4E32-A6C8-CEA8DCA4C13C}.TestDebug|Win32.ActiveCfg = TestDebug|Win32
		{07969F73-6F29-4E32-A6C8-CEA8DCA4C13C}.TestDebug|Win32.Build.0 = TestDebug|Win32
		{07969F73-6F29-4E32-A6C8-CEA8DCA4C13C}.TestRelease|Win32.ActiveCfg = TestRelease|Win32
		{07969F73-6F29-4E32-A6C8-CEA8DCA4C13C}.TestRelease|Win32.Build.0 = TestRelease|Win32
		{B549C14D-8B14-43EB-9291-A741317B4935}.Debug|Win32.ActiveCfg = Debug|Win32
		{B549C14D-8B14-43EB-9291-A741317B4935}.Debug|Win32.Build.0 = Debug|Win32
		{B549C14D-8B14-43EB-9291-A741317B4935}.Release|Win32.ActiveCfg = Release|Win32
		{B549C14D-8B14-43EB-9291-A741317B4935}.Release|Win32.Build.0 = Release|Win32
		{B549C14D-8B14-43EB-9291-A741317B4935}.TestDebug|Win32.ActiveCfg = TestDebug|Win32
		{B549C14D-8B14-43EB-9291-A741317B4935}.TestDebug|Win32.Build.0 = TestDebug|Win32
		{B549C14D-8B14-43EB-9291-A741317B4935}.TestRelease|Win32.ActiveCfg = TestRelease|Win32
		{B549C14D-8B14-43EB-9291-A741317B4935}.TestRelease|Win32.Build.0 = TestRelease|Win32
		{F29CF89B-CBDE-4F73-B655-A6588A89D8A1}.Debug|Win32.ActiveCfg = Debug|Win32
		{F29CF89B-CBDE-4F73-B655-A6588A89D8A1}.Debug|Win32.Build.0 = Debug|Win32
		{F29CF89B-CBDE-4F73-B655-A6588A89D8A1}.Release|Win32.ActiveCfg = Release|Win32
		{F29CF89B-CBDE-4F73-B655-A6588A89D8A1}.Release|Win32.Build.0 = Release|Win32
		{F29CF89B-CBDE-4F73-B655-A6588A89D8A1}.TestDebug|Win32.ActiveCfg = TestDebug|Win32
		{F29CF89B-CBDE-4F73-B655-A6588A89D8A1}.TestDebug|Win32.Build.0 = TestDebug|Win32
		{F29CF89B-CBDE-4F73-B655-A6588A89D8A1}.TestRelease|Win32.ActiveCfg = TestRelease|Win32
		{F29CF89B-CBDE-4F73-B655-A6588A89D8A1}.TestRelease|Win32.Build.0 = TestRelease|Win32
		{A8C31E32-4987-48AA-96DF-972BA6F865FF}.Debug|Win32.ActiveCfg = Debug|Win32
		{A8C31E32-4987-48AA-96DF-972BA6F865FF}.Debug|Win32.Build.0 = Debug|Win32
		{A8C31E32-4987-48AA-96DF-972BA6F865FF}.Release|Win32.ActiveCfg = Release|Win32
		{A8C31E32-4987-48AA-96DF-972BA6F865FF}.Release|Win32.Build.0 = Release|Win32
		{A8C31E32-4987-48AA-96DF-972BA6F865FF}.TestDebug|Win32.ActiveCfg = TestDebug|Win32
		{A8C31E32-4987-48AA-96DF-972BA6F865FF}.TestDebug|Win32.Build.0 = TestDebug|Win32
		{A8C31E32-4987-48AA-96DF-972BA6F865FF}.TestRelease|Win32.ActiveCfg = TestRelease|Win32
		{A8C31E32-4987-48AA-96DF-972BA6F865FF}.TestRelease|Win32.Build.0 = TestRelease|Win32
		{C664A032-DC13-4F6A-B278-1B9263781068}.Debug|Win32.ActiveCfg = Debug|Win32
		{C664A032-DC13-4F6A-B278-1B9263781068}.Debug|Win32.Build.0 = Debug|Win32
		{C664A032-DC13-4F6A-B278-1B9263781068}.Release|Win32.ActiveCfg = Release|Win32
		{C664A032-DC13-4F6A-B278-1B9263781068}.Release|Win32.Build.0 = Release|Win32
		{C664A032-DC13-4F6A-B278-1B9263781068}.TestDebug|Win32.ActiveCfg = Debug|Win32
		{C664A032-DC13-4F6A-B278-1B9263781068}.TestDebug|Win32.Build.0 = Debug|Win32
		{C664A032-DC13-4F6A-B278-1B9263781068}.TestRelease|Win32.ActiveCfg = Release|Win32
		{C664A032-DC13-4F6A-B278-1B9263781068}.TestRelease|Win32.Build.0 = Release|Win32
		{0EBD02A4-9121-4D4D-891B-1F335310B017}.Debug|Win32.ActiveCfg = Debug|Win32
		{0EBD02A4-9121-4D4D-891B-1F335310B017}.Debug|Win32.Build.0 = Debug|Win32
		{0EBD02A4-9121-4D4D-891B-1F335310B017}.Release|Win32.ActiveCfg = Release|Win32
		{0EBD02A4-9121-4D4D-891B-1F335310B017}.Release|Win32.Build.0 = Release|Win32
		{0EBD02A4-9121-4D4D-891B-1F335310B017}.TestDebug|Win32.ActiveCfg = Debug|Win32
		{0EBD02A4-9121-4D4D-891B-1F335310B017}.TestDebug|Win32.Build.0 = Debug|Win32
		{0EBD02A4-9121-4D4D-891B-1F335310B017}.TestRelease|Win32.ActiveCfg = Release|Win32
		{0EBD02A4-9121-4D4D-891B-1F335310B017}.TestRelease|Win32.Build.0 = Release|Win32
		{89801278-631B-4F29-9783-75A6399B2815}.Debug|Win32.ActiveCfg = Debug|Win32
		{89801278-631B-4F29-9783-75A6399B2815}.Debug|Win32.Build.0 = Debug|Win32
		{89801278-631B-4F29-9783-75A6399B2815}.Release|Win32.ActiveCfg = Release|Win32
		{89801278-631B-4F29-9783-75A6399B2815}.Release|Win32.Build.0 = Release|Win32
		{89801278-631B-4F29-9783-75A6399B2815}.TestDebug|Win32.ActiveCfg = TestDebug|Win32
		{89801278-631B-4F29-9783-75A6399B2815}.TestDebug|Win32.Build.0 = TestDebug|Win32
		{89801278-631B-4F29-9783-75A6399B2815}.TestRelease|Win32.ActiveCfg = TestRelease|Win32
		{89801278-631B-4F29-9783-75A6399B2815}.TestRelease|Win32.Build.0 = TestRelease|Win32
		{C2F58F64-18E2-4E83-80D8-33DA66953BAE}.Debug|Win32.ActiveCfg = Debug|Win32
		{C2F58F64-18E2-4E83-80D8-33DA66953BAE}.Debug|Win32.Build.0 = Debug|Win32
		{C2F58F64-18E2-4E83-80D8-33DA66953BAE}.Release|Win32.ActiveCfg = Release|Win32
		{C2F58F64-18E2-4E83-80D8-33DA66953BAE}.Release|Win32.Build.0 = Release|Win32
		{C2F58F64-18E2-4E83-80D8-33DA66953BAE}.TestDebug|Win32.ActiveCfg = TestDebug|Win32
		{C2F58F64-18E2-4E83-80D8-33DA66953BAE}.TestDebug|Win32.Build.0 = TestDebug|Win32
		{C2F58F64-18E2-4E83-80D8-33DA66953BAE}.TestRelease|Win32.ActiveCfg = TestRelease|Win32
		{C2F58F64-18E2-4E83-80D8-33DA66953BAE}.TestRelease|Win32.Build.0 = TestRelease|Win32
		{306AC100-2C30-4882-9C41-61191ED9B385}.Debug|Win32.ActiveCfg = Debug|Win32
		{306AC100-2C30-4882-9C41-61191ED9B385}.Debug|Win32.Build.0 = Debug|Win32
		{306AC100-2C30-4882-9C41-61191ED9B385}.Release|Win32.ActiveCfg = Release|Win32
		{306AC100-2C30-4882-9C41-61191ED9B385}.Release|Win32.Build.0 = Release|Win32
		{306AC100-2C30-4882-9C41-61191ED9B385}.TestDebug|Win32.ActiveCfg = TestDebug|Win32
		{306AC100-2C30-4882-9C41-61191ED9B385}.TestDebug|Win32.Build.0 = TestDebug|Win32
		{306AC100-2C30-4882-9C41-61191ED9B385}.TestRelease|Win32.ActiveCfg = TestRelease|Win32
		{306AC100-2C30-4882-9C41-61191ED9B385}.TestRelease|Win32.Build.0 = TestRelease|Win32
	EndGlobalSection
	GlobalSection(SolutionProperties) = preSolution
		HideSolutionNode = FALSE
	EndGlobalSection
	GlobalSection(NestedProjects) = preSolution
		{F10B14B1-D965-4534-91EB-7C94B563119A} = {497D9846-3305-4B69-A36E-FFF1675E0ACE}
		{21AC9E06-9221-4359-87EC-B25D8663961C} = {497D9846-3305-4B69-A36E-FFF1675E0ACE}
		{FF6E3BA2-91AC-45F7-9578-4D4E5CADB7C4} = {497D9846-3305-4B69-A36E-FFF1675E0ACE}
		{E702ED5A-700E-4E20-A9A5-AC2EEEC83786} = {497D9846-3305-4B69-A36E-FFF1675E0ACE}
		{63572A1D-A35B-4209-80FF-8C0DF93682DF} = {497D9846-3305-4B69-A36E-FFF1675E0ACE}
		{D1320718-08AD-4BB5-B183-E3CC4FCD158F} = {497D9846-3305-4B69-A36E-FFF1675E0ACE}
		{C2F58F64-18E2-4E83-80D8-33DA66953BAE} = {497D9846-3305-4B69-A36E-FFF1675E0ACE}
		{306AC100-2C30-4882-9C41-61191ED9B385} = {497D9846-3305-4B69-A36E-FFF1675E0ACE}
		{832921E9-4CA3-4698-B270-F30BD7F7215A} = {FA0131C9-C35B-4FA4-82DD-8827978D24C9}
		{F29CF89B-CBDE-4F73-B655-A6588A89D8A1} = {FA0131C9-C35B-4FA4-82DD-8827978D24C9}
		{A8C31E32-4987-48AA-96DF-972BA6F865FF} = {FA0131C9-C35B-4FA4-82DD-8827978D24C9}
		{C664A032-DC13-4F6A-B278-1B9263781068} = {FA0131C9-C35B-4FA4-82DD-8827978D24C9}
		{0EBD02A4-9121-4D4D-891B-1F335310B017} = {FA0131C9-C35B-4FA4-82DD-8827978D24C9}
		{8D82A8F9-4B07-48A6-B652-8BEDB2FE6C09} = {832921E9-4CA3-4698-B270-F30BD7F7215A}
		{07969F73-6F29-4E32-A6C8-CEA8DCA4C13C} = {832921E9-4CA3-4698-B270-F30BD7F7215A}
		{B549C14D-8B14-43EB-9291-A741317B4935} = {832921E9-4CA3-4698-B270-F30BD7F7215A}
		{09BD99D7-BF9F-4FE2-9413-21939F47DEBC} = {832921E9-4CA3-4698-B270-F30BD7F7215A}
		{89801278-631B-4F29-9783-75A6399B2815} = {832921E9-4CA3-4698-B270-F30BD7F7215A}
		{CD32285C-7749-4C14-9766-E9B85CAAE93F} = {F268F6E1-F952-4F3B-998C-A31383B01970}
		{A23C4264-4BE6-417F-8471-BEE2C1251E60} = {CD32285C-7749-4C14-9766-E9B85CAAE93F}
	EndGlobalSection
EndGlobal
