
Microsoft Visual Studio Solution File, Format Version 10.00
# Visual Studio 2008
Project("{2150E333-8FDC-42A3-9474-1A3956D46DE8}") = "app", "app", "{11344D4B-44CA-4FED-9272-3DE8F57EAE71}"
EndProject
Project("{2150E333-8FDC-42A3-9474-1A3956D46DE8}") = "lib", "lib", "{273FF59D-45C5-485F-A8BA-5ADE7D42F90B}"
EndProject
Project("{2150E333-8FDC-42A3-9474-1A3956D46DE8}") = "Property Sheets", "Property Sheets", "{A6AB5DEA-BCFF-4D1A-967C-03A1C730C164}"
	ProjectSection(SolutionItems) = preProject
		..\bflex.vsprops = ..\bflex.vsprops
		..\byacc.vsprops = ..\byacc.vsprops
		xde-vcversion.vsprops = xde-vcversion.vsprops
		..\xde.vsprops = ..\xde.vsprops
	EndProjectSection
EndProject
Project("{8BC9CEB8-8B4A-11D0-8D11-00A0C91BC942}") = "libbase", "libbase\libbase.vcproj", "{F10B14B1-D965-4534-91EB-7C94B563119A}"
EndProject
Project("{8BC9CEB8-8B4A-11D0-8D11-00A0C91BC942}") = "libos", "libos\libos.vcproj", "{FF6E3BA2-91AC-45F7-9578-4D4E5CADB7C4}"
EndProject
Project("{8BC9CEB8-8B4A-11D0-8D11-00A0C91BC942}") = "libwin32", "libwin32\libwin32.vcproj", "{21AC9E06-9221-4359-87EC-B25D8663961C}"
EndProject
Project("{8BC9CEB8-8B4A-11D0-8D11-00A0C91BC942}") = "libcgi", "libcgi\libcgi.vcproj", "{E702ED5A-700E-4E20-A9A5-AC2EEEC83786}"
EndProject
Project("{8BC9CEB8-8B4A-11D0-8D11-00A0C91BC942}") = "libt", "libt\libt.vcproj", "{63572A1D-A35B-4209-80FF-8C0DF93682DF}"
EndProject
Project("{8BC9CEB8-8B4A-11D0-8D11-00A0C91BC942}") = "libyy", "libyy\libyy.vcproj", "{C2F58F64-18E2-4E83-80D8-33DA66953BAE}"
EndProject
Project("{8BC9CEB8-8B4A-11D0-8D11-00A0C91BC942}") = "libyycgi", "libyycgi\libyycgi.vcproj", "{306AC100-2C30-4882-9C41-61191ED9B385}"
EndProject
Project("{2150E333-8FDC-42A3-9474-1A3956D46DE8}") = "cgi", "cgi", "{69453DAB-3FFE-4BDA-81A3-62B9EAFB2A7F}"
EndProject
Project("{8BC9CEB8-8B4A-11D0-8D11-00A0C91BC942}") = "cgi", "cgi\cgi.vcproj", "{8D82A8F9-4B07-48A6-B652-8BEDB2FE6C09}"
	ProjectSection(ProjectDependencies) = postProject
		{21AC9E06-9221-4359-87EC-B25D8663961C} = {21AC9E06-9221-4359-87EC-B25D8663961C}
		{E702ED5A-700E-4E20-A9A5-AC2EEEC83786} = {E702ED5A-700E-4E20-A9A5-AC2EEEC83786}
		{FF6E3BA2-91AC-45F7-9578-4D4E5CADB7C4} = {FF6E3BA2-91AC-45F7-9578-4D4E5CADB7C4}
		{F10B14B1-D965-4534-91EB-7C94B563119A} = {F10B14B1-D965-4534-91EB-7C94B563119A}
	EndProjectSection
EndProject
Project("{8BC9CEB8-8B4A-11D0-8D11-00A0C91BC942}") = "cgicatch", "cgicatch\cgicatch.vcproj", "{09BD99D7-BF9F-4FE2-9413-21939F47DEBC}"
	ProjectSection(ProjectDependencies) = postProject
		{21AC9E06-9221-4359-87EC-B25D8663961C} = {21AC9E06-9221-4359-87EC-B25D8663961C}
		{E702ED5A-700E-4E20-A9A5-AC2EEEC83786} = {E702ED5A-700E-4E20-A9A5-AC2EEEC83786}
		{FF6E3BA2-91AC-45F7-9578-4D4E5CADB7C4} = {FF6E3BA2-91AC-45F7-9578-4D4E5CADB7C4}
		{F10B14B1-D965-4534-91EB-7C94B563119A} = {F10B14B1-D965-4534-91EB-7C94B563119A}
	EndProjectSection
EndProject
Project("{8BC9CEB8-8B4A-11D0-8D11-00A0C91BC942}") = "cxxlcgi", "cxxlcgi\cxxlcgi.vcproj", "{89801278-631B-4F29-9783-75A6399B2815}"
	ProjectSection(ProjectDependencies) = postProject
		{306AC100-2C30-4882-9C41-61191ED9B385} = {306AC100-2C30-4882-9C41-61191ED9B385}
		{21AC9E06-9221-4359-87EC-B25D8663961C} = {21AC9E06-9221-4359-87EC-B25D8663961C}
		{63572A1D-A35B-4209-80FF-8C0DF93682DF} = {63572A1D-A35B-4209-80FF-8C0DF93682DF}
		{E702ED5A-700E-4E20-A9A5-AC2EEEC83786} = {E702ED5A-700E-4E20-A9A5-AC2EEEC83786}
		{C2F58F64-18E2-4E83-80D8-33DA66953BAE} = {C2F58F64-18E2-4E83-80D8-33DA66953BAE}
		{FF6E3BA2-91AC-45F7-9578-4D4E5CADB7C4} = {FF6E3BA2-91AC-45F7-9578-4D4E5CADB7C4}
		{F10B14B1-D965-4534-91EB-7C94B563119A} = {F10B14B1-D965-4534-91EB-7C94B563119A}
	EndProjectSection
EndProject
Project("{8BC9CEB8-8B4A-11D0-8D11-00A0C91BC942}") = "tcgi", "tcgi\tcgi.vcproj", "{07969F73-6F29-4E32-A6C8-CEA8DCA4C13C}"
	ProjectSection(ProjectDependencies) = postProject
		{21AC9E06-9221-4359-87EC-B25D8663961C} = {21AC9E06-9221-4359-87EC-B25D8663961C}
		{63572A1D-A35B-4209-80FF-8C0DF93682DF} = {63572A1D-A35B-4209-80FF-8C0DF93682DF}
		{E702ED5A-700E-4E20-A9A5-AC2EEEC83786} = {E702ED5A-700E-4E20-A9A5-AC2EEEC83786}
		{FF6E3BA2-91AC-45F7-9578-4D4E5CADB7C4} = {FF6E3BA2-91AC-45F7-9578-4D4E5CADB7C4}
		{F10B14B1-D965-4534-91EB-7C94B563119A} = {F10B14B1-D965-4534-91EB-7C94B563119A}
	EndProjectSection
EndProject
Project("{8BC9CEB8-8B4A-11D0-8D11-00A0C91BC942}") = "bflex", "bflex\bflex.vcproj", "{C664A032-DC13-4F6A-B278-1B9263781068}"
EndProject
Project("{8BC9CEB8-8B4A-11D0-8D11-00A0C91BC942}") = "byacc", "byacc\byacc.vcproj", "{0EBD02A4-9121-4D4D-891B-1F335310B017}"
EndProject
Project("{8BC9CEB8-8B4A-11D0-8D11-00A0C91BC942}") = "t", "t\t.vcproj", "{F29CF89B-CBDE-4F73-B655-A6588A89D8A1}"
	ProjectSection(ProjectDependencies) = postProject
		{21AC9E06-9221-4359-87EC-B25D8663961C} = {21AC9E06-9221-4359-87EC-B25D8663961C}
		{63572A1D-A35B-4209-80FF-8C0DF93682DF} = {63572A1D-A35B-4209-80FF-8C0DF93682DF}
		{FF6E3BA2-91AC-45F7-9578-4D4E5CADB7C4} = {FF6E3BA2-91AC-45F7-9578-4D4E5CADB7C4}
		{F10B14B1-D965-4534-91EB-7C94B563119A} = {F10B14B1-D965-4534-91EB-7C94B563119A}
	EndProjectSection
EndProject
Global
	GlobalSection(SolutionConfigurationPlatforms) = preSolution
		Debug|Win32 = Debug|Win32
		Release|Win32 = Release|Win32
	EndGlobalSection
	GlobalSection(ProjectConfigurationPlatforms) = postSolution
		{F10B14B1-D965-4534-91EB-7C94B563119A}.Debug|Win32.ActiveCfg = Debug|Win32
		{F10B14B1-D965-4534-91EB-7C94B563119A}.Debug|Win32.Build.0 = Debug|Win32
		{F10B14B1-D965-4534-91EB-7C94B563119A}.Release|Win32.ActiveCfg = Release|Win32
		{F10B14B1-D965-4534-91EB-7C94B563119A}.Release|Win32.Build.0 = Release|Win32
		{FF6E3BA2-91AC-45F7-9578-4D4E5CADB7C4}.Debug|Win32.ActiveCfg = Debug|Win32
		{FF6E3BA2-91AC-45F7-9578-4D4E5CADB7C4}.Debug|Win32.Build.0 = Debug|Win32
		{FF6E3BA2-91AC-45F7-9578-4D4E5CADB7C4}.Release|Win32.ActiveCfg = Release|Win32
		{FF6E3BA2-91AC-45F7-9578-4D4E5CADB7C4}.Release|Win32.Build.0 = Release|Win32
		{21AC9E06-9221-4359-87EC-B25D8663961C}.Debug|Win32.ActiveCfg = Debug|Win32
		{21AC9E06-9221-4359-87EC-B25D8663961C}.Debug|Win32.Build.0 = Debug|Win32
		{21AC9E06-9221-4359-87EC-B25D8663961C}.Release|Win32.ActiveCfg = Release|Win32
		{21AC9E06-9221-4359-87EC-B25D8663961C}.Release|Win32.Build.0 = Release|Win32
		{E702ED5A-700E-4E20-A9A5-AC2EEEC83786}.Debug|Win32.ActiveCfg = Debug|Win32
		{E702ED5A-700E-4E20-A9A5-AC2EEEC83786}.Debug|Win32.Build.0 = Debug|Win32
		{E702ED5A-700E-4E20-A9A5-AC2EEEC83786}.Release|Win32.ActiveCfg = Release|Win32
		{E702ED5A-700E-4E20-A9A5-AC2EEEC83786}.Release|Win32.Build.0 = Release|Win32
		{63572A1D-A35B-4209-80FF-8C0DF93682DF}.Debug|Win32.ActiveCfg = Debug|Win32
		{63572A1D-A35B-4209-80FF-8C0DF93682DF}.Debug|Win32.Build.0 = Debug|Win32
		{63572A1D-A35B-4209-80FF-8C0DF93682DF}.Release|Win32.ActiveCfg = Release|Win32
		{63572A1D-A35B-4209-80FF-8C0DF93682DF}.Release|Win32.Build.0 = Release|Win32
		{C2F58F64-18E2-4E83-80D8-33DA66953BAE}.Debug|Win32.ActiveCfg = Debug|Win32
		{C2F58F64-18E2-4E83-80D8-33DA66953BAE}.Debug|Win32.Build.0 = Debug|Win32
		{C2F58F64-18E2-4E83-80D8-33DA66953BAE}.Release|Win32.ActiveCfg = Release|Win32
		{C2F58F64-18E2-4E83-80D8-33DA66953BAE}.Release|Win32.Build.0 = Release|Win32
		{306AC100-2C30-4882-9C41-61191ED9B385}.Debug|Win32.ActiveCfg = Debug|Win32
		{306AC100-2C30-4882-9C41-61191ED9B385}.Debug|Win32.Build.0 = Debug|Win32
		{306AC100-2C30-4882-9C41-61191ED9B385}.Release|Win32.ActiveCfg = Release|Win32
		{306AC100-2C30-4882-9C41-61191ED9B385}.Release|Win32.Build.0 = Release|Win32
		{8D82A8F9-4B07-48A6-B652-8BEDB2FE6C09}.Debug|Win32.ActiveCfg = Debug|Win32
		{8D82A8F9-4B07-48A6-B652-8BEDB2FE6C09}.Debug|Win32.Build.0 = Debug|Win32
		{8D82A8F9-4B07-48A6-B652-8BEDB2FE6C09}.Release|Win32.ActiveCfg = Release|Win32
		{8D82A8F9-4B07-48A6-B652-8BEDB2FE6C09}.Release|Win32.Build.0 = Release|Win32
		{09BD99D7-BF9F-4FE2-9413-21939F47DEBC}.Debug|Win32.ActiveCfg = Debug|Win32
		{09BD99D7-BF9F-4FE2-9413-21939F47DEBC}.Debug|Win32.Build.0 = Debug|Win32
		{09BD99D7-BF9F-4FE2-9413-21939F47DEBC}.Release|Win32.ActiveCfg = Release|Win32
		{09BD99D7-BF9F-4FE2-9413-21939F47DEBC}.Release|Win32.Build.0 = Release|Win32
		{89801278-631B-4F29-9783-75A6399B2815}.Debug|Win32.ActiveCfg = Debug|Win32
		{89801278-631B-4F29-9783-75A6399B2815}.Debug|Win32.Build.0 = Debug|Win32
		{89801278-631B-4F29-9783-75A6399B2815}.Release|Win32.ActiveCfg = Release|Win32
		{89801278-631B-4F29-9783-75A6399B2815}.Release|Win32.Build.0 = Release|Win32
		{07969F73-6F29-4E32-A6C8-CEA8DCA4C13C}.Debug|Win32.ActiveCfg = Debug|Win32
		{07969F73-6F29-4E32-A6C8-CEA8DCA4C13C}.Debug|Win32.Build.0 = Debug|Win32
		{07969F73-6F29-4E32-A6C8-CEA8DCA4C13C}.Release|Win32.ActiveCfg = Release|Win32
		{07969F73-6F29-4E32-A6C8-CEA8DCA4C13C}.Release|Win32.Build.0 = Release|Win32
		{C664A032-DC13-4F6A-B278-1B9263781068}.Debug|Win32.ActiveCfg = Debug|Win32
		{C664A032-DC13-4F6A-B278-1B9263781068}.Debug|Win32.Build.0 = Debug|Win32
		{C664A032-DC13-4F6A-B278-1B9263781068}.Release|Win32.ActiveCfg = Release|Win32
		{C664A032-DC13-4F6A-B278-1B9263781068}.Release|Win32.Build.0 = Release|Win32
		{0EBD02A4-9121-4D4D-891B-1F335310B017}.Debug|Win32.ActiveCfg = Debug|Win32
		{0EBD02A4-9121-4D4D-891B-1F335310B017}.Debug|Win32.Build.0 = Debug|Win32
		{0EBD02A4-9121-4D4D-891B-1F335310B017}.Release|Win32.ActiveCfg = Release|Win32
		{0EBD02A4-9121-4D4D-891B-1F335310B017}.Release|Win32.Build.0 = Release|Win32
		{F29CF89B-CBDE-4F73-B655-A6588A89D8A1}.Debug|Win32.ActiveCfg = Debug|Win32
		{F29CF89B-CBDE-4F73-B655-A6588A89D8A1}.Debug|Win32.Build.0 = Debug|Win32
		{F29CF89B-CBDE-4F73-B655-A6588A89D8A1}.Release|Win32.ActiveCfg = Release|Win32
		{F29CF89B-CBDE-4F73-B655-A6588A89D8A1}.Release|Win32.Build.0 = Release|Win32
	EndGlobalSection
	GlobalSection(SolutionProperties) = preSolution
		HideSolutionNode = FALSE
	EndGlobalSection
	GlobalSection(NestedProjects) = preSolution
		{69453DAB-3FFE-4BDA-81A3-62B9EAFB2A7F} = {11344D4B-44CA-4FED-9272-3DE8F57EAE71}
		{C664A032-DC13-4F6A-B278-1B9263781068} = {11344D4B-44CA-4FED-9272-3DE8F57EAE71}
		{0EBD02A4-9121-4D4D-891B-1F335310B017} = {11344D4B-44CA-4FED-9272-3DE8F57EAE71}
		{F29CF89B-CBDE-4F73-B655-A6588A89D8A1} = {11344D4B-44CA-4FED-9272-3DE8F57EAE71}
		{F10B14B1-D965-4534-91EB-7C94B563119A} = {273FF59D-45C5-485F-A8BA-5ADE7D42F90B}
		{FF6E3BA2-91AC-45F7-9578-4D4E5CADB7C4} = {273FF59D-45C5-485F-A8BA-5ADE7D42F90B}
		{21AC9E06-9221-4359-87EC-B25D8663961C} = {273FF59D-45C5-485F-A8BA-5ADE7D42F90B}
		{E702ED5A-700E-4E20-A9A5-AC2EEEC83786} = {273FF59D-45C5-485F-A8BA-5ADE7D42F90B}
		{63572A1D-A35B-4209-80FF-8C0DF93682DF} = {273FF59D-45C5-485F-A8BA-5ADE7D42F90B}
		{C2F58F64-18E2-4E83-80D8-33DA66953BAE} = {273FF59D-45C5-485F-A8BA-5ADE7D42F90B}
		{306AC100-2C30-4882-9C41-61191ED9B385} = {273FF59D-45C5-485F-A8BA-5ADE7D42F90B}
		{8D82A8F9-4B07-48A6-B652-8BEDB2FE6C09} = {69453DAB-3FFE-4BDA-81A3-62B9EAFB2A7F}
		{09BD99D7-BF9F-4FE2-9413-21939F47DEBC} = {69453DAB-3FFE-4BDA-81A3-62B9EAFB2A7F}
		{89801278-631B-4F29-9783-75A6399B2815} = {69453DAB-3FFE-4BDA-81A3-62B9EAFB2A7F}
		{07969F73-6F29-4E32-A6C8-CEA8DCA4C13C} = {69453DAB-3FFE-4BDA-81A3-62B9EAFB2A7F}
	EndGlobalSection
EndGlobal
